
Microsoft Visual Studio Solution File, Format Version 11.00
# Visual Studio 2010
Project("{8BC9CEB8-8B4A-11D0-8D11-00A0C91BC942}") = "Virtual_File_System", "Virtual_File_System\Virtual_File_System.vcxproj", "{1847F08B-D6E0-4C8A-9935-223065B4ABAB}"
EndProject
Global
	GlobalSection(SolutionConfigurationPlatforms) = preSolution
		Debug|Win32 = Debug|Win32
		Release|Win32 = Release|Win32
	EndGlobalSection
	GlobalSection(ProjectConfigurationPlatforms) = postSolution
		{1847F08B-D6E0-4C8A-9935-223065B4ABAB}.Debug|Win32.ActiveCfg = Debug|Win32
		{1847F08B-D6E0-4C8A-9935-223065B4ABAB}.Debug|Win32.Build.0 = Debug|Win32
		{1847F08B-D6E0-4C8A-9935-223065B4ABAB}.Release|Win32.ActiveCfg = Release|Win32
		{1847F08B-D6E0-4C8A-9935-223065B4ABAB}.Release|Win32.Build.0 = Release|Win32
	EndGlobalSection
	GlobalSection(SolutionProperties) = preSolution
		HideSolutionNode = FALSE
	EndGlobalSection
EndGlobal
